
Microsoft Visual Studio Solution File, Format Version 12.00
# Visual Studio 2013
VisualStudioVersion = 12.0.31101.0
MinimumVisualStudioVersion = 10.0.40219.1
Project("{FAE04EC0-301F-11D3-BF4B-00C04F79EFBC}") = "TokenDemo", "TokenDemo\TokenDemo.csproj", "{E4958A29-3F81-4AA9-B63B-8D023FB3A0F7}"
EndProject
Project("{FAE04EC0-301F-11D3-BF4B-00C04F79EFBC}") = "Client", "Client\Client.csproj", "{1D61F1B1-A6D3-4BA0-A4B4-BA6832F110ED}"
EndProject
Global
	GlobalSection(SolutionConfigurationPlatforms) = preSolution
		Debug|Any CPU = Debug|Any CPU
		Release|Any CPU = Release|Any CPU
	EndGlobalSection
	GlobalSection(ProjectConfigurationPlatforms) = postSolution
		{E4958A29-3F81-4AA9-B63B-8D023FB3A0F7}.Debug|Any CPU.ActiveCfg = Debug|Any CPU
		{E4958A29-3F81-4AA9-B63B-8D023FB3A0F7}.Debug|Any CPU.Build.0 = Debug|Any CPU
		{E4958A29-3F81-4AA9-B63B-8D023FB3A0F7}.Release|Any CPU.ActiveCfg = Release|Any CPU
		{E4958A29-3F81-4AA9-B63B-8D023FB3A0F7}.Release|Any CPU.Build.0 = Release|Any CPU
		{1D61F1B1-A6D3-4BA0-A4B4-BA6832F110ED}.Debug|Any CPU.ActiveCfg = Debug|Any CPU
		{1D61F1B1-A6D3-4BA0-A4B4-BA6832F110ED}.Debug|Any CPU.Build.0 = Debug|Any CPU
		{1D61F1B1-A6D3-4BA0-A4B4-BA6832F110ED}.Release|Any CPU.ActiveCfg = Release|Any CPU
		{1D61F1B1-A6D3-4BA0-A4B4-BA6832F110ED}.Release|Any CPU.Build.0 = Release|Any CPU
	EndGlobalSection
	GlobalSection(SolutionProperties) = preSolution
		HideSolutionNode = FALSE
	EndGlobalSection
EndGlobal
